
Microsoft Visual Studio Solution File, Format Version 11.00
# Visual Studio 2010
Project("{8BC9CEB8-8B4A-11D0-8D11-00A0C91BC942}") = "libdrizzle-2.0", "libdrizzle-2.0.vcxproj", "{786CDCC5-9B40-4927-B8B3-DC484E138EE9}"
EndProject
Project("{8BC9CEB8-8B4A-11D0-8D11-00A0C91BC942}") = "libdrizzle-1.0", "libdrizzle-1.0.vcxproj", "{EDFED9AB-462B-4BB6-99B0-D507C1B585A0}"
EndProject
Global
	GlobalSection(SolutionConfigurationPlatforms) = preSolution
		Debug|Win32 = Debug|Win32
		Release|Win32 = Release|Win32
	EndGlobalSection
	GlobalSection(ProjectConfigurationPlatforms) = postSolution
		{786CDCC5-9B40-4927-B8B3-DC484E138EE9}.Debug|Win32.ActiveCfg = Debug|Win32
		{786CDCC5-9B40-4927-B8B3-DC484E138EE9}.Debug|Win32.Build.0 = Debug|Win32
		{786CDCC5-9B40-4927-B8B3-DC484E138EE9}.Release|Win32.ActiveCfg = Release|Win32
		{786CDCC5-9B40-4927-B8B3-DC484E138EE9}.Release|Win32.Build.0 = Release|Win32
		{EDFED9AB-462B-4BB6-99B0-D507C1B585A0}.Debug|Win32.ActiveCfg = Debug|Win32
		{EDFED9AB-462B-4BB6-99B0-D507C1B585A0}.Debug|Win32.Build.0 = Debug|Win32
		{EDFED9AB-462B-4BB6-99B0-D507C1B585A0}.Release|Win32.ActiveCfg = Release|Win32
		{EDFED9AB-462B-4BB6-99B0-D507C1B585A0}.Release|Win32.Build.0 = Release|Win32
	EndGlobalSection
	GlobalSection(SolutionProperties) = preSolution
		HideSolutionNode = FALSE
	EndGlobalSection
EndGlobal
