<?xml version="1.0" encoding="utf-8"?>
<Project ToolsVersion="4.0" xmlns="http://schemas.microsoft.com/developer/msbuild/2003">
  <ItemGroup>
    <Filter Include="Header Files">
      <UniqueIdentifier>{93995380-89BD-4b04-88EB-625FBE52EBFB}</UniqueIdentifier>
      <Extensions>h;hpp;hxx;hm;inl;inc;xsd</Extensions>
    </Filter>
    <Filter Include="Resource Files">
      <UniqueIdentifier>{67DA6AB6-F800-4c08-8B7A-83BB121AAD01}</UniqueIdentifier>
      <Extensions>rc;ico;cur;bmp;dlg;rc2;rct;bin;rgs;gif;jpg;jpeg;jpe;resx</Extensions>
    </Filter>
    <Filter Include="Source Files">
      <UniqueIdentifier>{4FC737F1-C7A5-4376-A066-2A32D752A2FF}</UniqueIdentifier>
      <Extensions>cpp;c;cc;cxx;def;odl;idl;hpj;bat;asm;asmx</Extensions>
    </Filter>
  </ItemGroup>
  <ItemGroup>
    <ClInclude Include="alloca.h">
      <Filter>Header Files</Filter>
    </ClInclude>
    <ClInclude Include="..\libdrizzle\column.h">
      <Filter>Header Files</Filter>
    </ClInclude>
    <ClInclude Include="..\libdrizzle\column_client.h">
      <Filter>Header Files</Filter>
    </ClInclude>
    <ClInclude Include="..\libdrizzle\column_server.h">
      <Filter>Header Files</Filter>
    </ClInclude>
    <ClInclude Include="..\libdrizzle\command_client.h">
      <Filter>Header Files</Filter>
    </ClInclude>
    <ClInclude Include="..\libdrizzle\command_server.h">
      <Filter>Header Files</Filter>
    </ClInclude>
    <ClInclude Include="..\libdrizzle\common.h">
      <Filter>Header Files</Filter>
    </ClInclude>
    <ClInclude Include="config.h">
      <Filter>Header Files</Filter>
    </ClInclude>
    <ClInclude Include="..\libdrizzle\conn.h">
      <Filter>Header Files</Filter>
    </ClInclude>
    <ClInclude Include="..\libdrizzle\conn_client.h">
      <Filter>Header Files</Filter>
    </ClInclude>
    <ClInclude Include="..\libdrizzle\conn_local.h">
      <Filter>Header Files</Filter>
    </ClInclude>
    <ClInclude Include="..\libdrizzle\conn_server.h">
      <Filter>Header Files</Filter>
    </ClInclude>
    <ClInclude Include="..\libdrizzle\constants.h">
      <Filter>Header Files</Filter>
    </ClInclude>
    <ClInclude Include="..\libdrizzle\drizzle.h">
      <Filter>Header Files</Filter>
    </ClInclude>
    <ClInclude Include="..\libdrizzle\drizzle_client.h">
      <Filter>Header Files</Filter>
    </ClInclude>
    <ClInclude Include="..\libdrizzle\drizzle_local.h">
      <Filter>Header Files</Filter>
    </ClInclude>
    <ClInclude Include="..\libdrizzle\drizzle_server.h">
      <Filter>Header Files</Filter>
    </ClInclude>
    <ClInclude Include="windows\errno.h">
      <Filter>Header Files</Filter>
    </ClInclude>
    <ClInclude Include="..\libdrizzle\field_client.h">
      <Filter>Header Files</Filter>
    </ClInclude>
    <ClInclude Include="..\libdrizzle\field_server.h">
      <Filter>Header Files</Filter>
    </ClInclude>
    <ClInclude Include="..\libdrizzle\handshake_client.h">
      <Filter>Header Files</Filter>
    </ClInclude>
    <ClInclude Include="..\libdrizzle\handshake_server.h">
      <Filter>Header Files</Filter>
    </ClInclude>
    <ClInclude Include="windows\inttypes.h">
      <Filter>Header Files</Filter>
    </ClInclude>
    <ClInclude Include="..\libdrizzle\pack.h">
      <Filter>Header Files</Filter>
    </ClInclude>
    <ClInclude Include="..\libdrizzle\query.h">
      <Filter>Header Files</Filter>
    </ClInclude>
    <ClInclude Include="..\libdrizzle\result.h">
      <Filter>Header Files</Filter>
    </ClInclude>
    <ClInclude Include="..\libdrizzle\result_client.h">
      <Filter>Header Files</Filter>
    </ClInclude>
    <ClInclude Include="..\libdrizzle\result_server.h">
      <Filter>Header Files</Filter>
    </ClInclude>
    <ClInclude Include="..\libdrizzle\row_client.h">
      <Filter>Header Files</Filter>
    </ClInclude>
    <ClInclude Include="..\libdrizzle\row_server.h">
      <Filter>Header Files</Filter>
    </ClInclude>
    <ClInclude Include="..\libdrizzle\sha1.h">
      <Filter>Header Files</Filter>
    </ClInclude>
    <ClInclude Include="..\libdrizzle\state.h">
      <Filter>Header Files</Filter>
    </ClInclude>
    <ClInclude Include="windows\stdint.h">
      <Filter>Header Files</Filter>
    </ClInclude>
    <ClInclude Include="..\libdrizzle\structs.h">
      <Filter>Header Files</Filter>
    </ClInclude>
    <ClInclude Include="..\libdrizzle\visibility.h">
      <Filter>Header Files</Filter>
    </ClInclude>
  </ItemGroup>
  <ItemGroup>
    <ClCompile Include="alloca.c">
      <Filter>Source Files</Filter>
    </ClCompile>
    <ClCompile Include="..\libdrizzle\column.c">
      <Filter>Source Files</Filter>
    </ClCompile>
    <ClCompile Include="..\libdrizzle\command.c">
      <Filter>Source Files</Filter>
    </ClCompile>
    <ClCompile Include="..\libdrizzle\conn.c">
      <Filter>Source Files</Filter>
    </ClCompile>
    <ClCompile Include="conn_uds.c">
      <Filter>Source Files</Filter>
    </ClCompile>
    <ClCompile Include="..\libdrizzle\drizzle.c">
      <Filter>Source Files</Filter>
    </ClCompile>
    <ClCompile Include="..\libdrizzle\field.c">
      <Filter>Source Files</Filter>
    </ClCompile>
    <ClCompile Include="..\libdrizzle\handshake.c">
      <Filter>Source Files</Filter>
    </ClCompile>
    <ClCompile Include="..\libdrizzle\pack.c">
      <Filter>Source Files</Filter>
    </ClCompile>
    <ClCompile Include="..\libdrizzle\query.c">
      <Filter>Source Files</Filter>
    </ClCompile>
    <ClCompile Include="..\libdrizzle\result.c">
      <Filter>Source Files</Filter>
    </ClCompile>
    <ClCompile Include="..\libdrizzle\row.c">
      <Filter>Source Files</Filter>
    </ClCompile>
    <ClCompile Include="..\libdrizzle\sha1.c">
      <Filter>Source Files</Filter>
    </ClCompile>
    <ClCompile Include="..\libdrizzle\state.c">
      <Filter>Source Files</Filter>
    </ClCompile>
  </ItemGroup>
</Project>