<?xml version="1.0" encoding="utf-8"?>
<Project ToolsVersion="4.0" xmlns="http://schemas.microsoft.com/developer/msbuild/2003">
  <ItemGroup>
    <Filter Include="Header Files">
      <UniqueIdentifier>{93995380-89BD-4b04-88EB-625FBE52EBFB}</UniqueIdentifier>
      <Extensions>h;hpp;hxx;hm;inl;inc;xsd</Extensions>
    </Filter>
    <Filter Include="Resource Files">
      <UniqueIdentifier>{67DA6AB6-F800-4c08-8B7A-83BB121AAD01}</UniqueIdentifier>
      <Extensions>rc;ico;cur;bmp;dlg;rc2;rct;bin;rgs;gif;jpg;jpeg;jpe;resx</Extensions>
    </Filter>
    <Filter Include="Source Files">
      <UniqueIdentifier>{4FC737F1-C7A5-4376-A066-2A32D752A2FF}</UniqueIdentifier>
      <Extensions>cpp;c;cc;cxx;def;odl;idl;hpj;bat;asm;asmx</Extensions>
    </Filter>
  </ItemGroup>
  <ItemGroup>
    <ClInclude Include="config.h">
      <Filter>Header Files</Filter>
    </ClInclude>
    <ClInclude Include="windows\inttypes.h">
      <Filter>Header Files</Filter>
    </ClInclude>
    <ClInclude Include="windows\stdint.h">
      <Filter>Header Files</Filter>
    </ClInclude>
    <ClInclude Include="..\libdrizzle-2.0\libdrizzle\column.h">
      <Filter>Header Files</Filter>
    </ClInclude>
    <ClInclude Include="..\libdrizzle-2.0\libdrizzle\column_client.h">
      <Filter>Header Files</Filter>
    </ClInclude>
    <ClInclude Include="..\libdrizzle-2.0\libdrizzle\column_server.h">
      <Filter>Header Files</Filter>
    </ClInclude>
    <ClInclude Include="..\libdrizzle-2.0\libdrizzle\command_client.h">
      <Filter>Header Files</Filter>
    </ClInclude>
    <ClInclude Include="..\libdrizzle-2.0\libdrizzle\command_server.h">
      <Filter>Header Files</Filter>
    </ClInclude>
    <ClInclude Include="..\libdrizzle-2.0\libdrizzle\common.h">
      <Filter>Header Files</Filter>
    </ClInclude>
    <ClInclude Include="..\libdrizzle-2.0\libdrizzle\conn.h">
      <Filter>Header Files</Filter>
    </ClInclude>
    <ClInclude Include="..\libdrizzle-2.0\libdrizzle\conn_client.h">
      <Filter>Header Files</Filter>
    </ClInclude>
    <ClInclude Include="..\libdrizzle-2.0\libdrizzle\conn_local.h">
      <Filter>Header Files</Filter>
    </ClInclude>
    <ClInclude Include="..\libdrizzle-2.0\libdrizzle\conn_server.h">
      <Filter>Header Files</Filter>
    </ClInclude>
    <ClInclude Include="..\libdrizzle-2.0\libdrizzle\constants.h">
      <Filter>Header Files</Filter>
    </ClInclude>
    <ClInclude Include="..\libdrizzle-2.0\libdrizzle\drizzle.h">
      <Filter>Header Files</Filter>
    </ClInclude>
    <ClInclude Include="..\libdrizzle-2.0\libdrizzle\drizzle_client.h">
      <Filter>Header Files</Filter>
    </ClInclude>
    <ClInclude Include="..\libdrizzle-2.0\libdrizzle\drizzle_local.h">
      <Filter>Header Files</Filter>
    </ClInclude>
    <ClInclude Include="..\libdrizzle-2.0\libdrizzle\drizzle_server.h">
      <Filter>Header Files</Filter>
    </ClInclude>
    <ClInclude Include="..\libdrizzle-2.0\libdrizzle\field_client.h">
      <Filter>Header Files</Filter>
    </ClInclude>
    <ClInclude Include="..\libdrizzle-2.0\libdrizzle\field_server.h">
      <Filter>Header Files</Filter>
    </ClInclude>
    <ClInclude Include="..\libdrizzle-2.0\libdrizzle\handshake_client.h">
      <Filter>Header Files</Filter>
    </ClInclude>
    <ClInclude Include="..\libdrizzle-2.0\libdrizzle\handshake_server.h">
      <Filter>Header Files</Filter>
    </ClInclude>
    <ClInclude Include="..\libdrizzle-2.0\libdrizzle\pack.h">
      <Filter>Header Files</Filter>
    </ClInclude>
    <ClInclude Include="..\libdrizzle-2.0\libdrizzle\query.h">
      <Filter>Header Files</Filter>
    </ClInclude>
    <ClInclude Include="..\libdrizzle-2.0\libdrizzle\result.h">
      <Filter>Header Files</Filter>
    </ClInclude>
    <ClInclude Include="..\libdrizzle-2.0\libdrizzle\result_client.h">
      <Filter>Header Files</Filter>
    </ClInclude>
    <ClInclude Include="..\libdrizzle-2.0\libdrizzle\result_server.h">
      <Filter>Header Files</Filter>
    </ClInclude>
    <ClInclude Include="..\libdrizzle-2.0\libdrizzle\row_client.h">
      <Filter>Header Files</Filter>
    </ClInclude>
    <ClInclude Include="..\libdrizzle-2.0\libdrizzle\row_server.h">
      <Filter>Header Files</Filter>
    </ClInclude>
    <ClInclude Include="..\libdrizzle-2.0\libdrizzle\sha1.h">
      <Filter>Header Files</Filter>
    </ClInclude>
    <ClInclude Include="..\libdrizzle-2.0\libdrizzle\state.h">
      <Filter>Header Files</Filter>
    </ClInclude>
    <ClInclude Include="..\libdrizzle-2.0\libdrizzle\structs.h">
      <Filter>Header Files</Filter>
    </ClInclude>
    <ClInclude Include="..\libdrizzle-2.0\libdrizzle\visibility.h">
      <Filter>Header Files</Filter>
    </ClInclude>
  </ItemGroup>
  <ItemGroup>
    <ClCompile Include="..\libdrizzle-2.0\libdrizzle\column.cc">
      <Filter>Source Files</Filter>
    </ClCompile>
    <ClCompile Include="..\libdrizzle-2.0\libdrizzle\command.cc">
      <Filter>Source Files</Filter>
    </ClCompile>
    <ClCompile Include="..\libdrizzle-2.0\libdrizzle\conn.cc">
      <Filter>Source Files</Filter>
    </ClCompile>
    <ClCompile Include="conn_uds.cc">
      <Filter>Source Files</Filter>
    </ClCompile>
    <ClCompile Include="..\libdrizzle-2.0\libdrizzle\drizzle.cc">
      <Filter>Source Files</Filter>
    </ClCompile>
    <ClCompile Include="..\libdrizzle-2.0\libdrizzle\field.cc">
      <Filter>Source Files</Filter>
    </ClCompile>
    <ClCompile Include="..\libdrizzle-2.0\libdrizzle\handshake.cc">
      <Filter>Source Files</Filter>
    </ClCompile>
    <ClCompile Include="..\libdrizzle-2.0\libdrizzle\pack.cc">
      <Filter>Source Files</Filter>
    </ClCompile>
    <ClCompile Include="..\libdrizzle-2.0\libdrizzle\query.cc">
      <Filter>Source Files</Filter>
    </ClCompile>
    <ClCompile Include="..\libdrizzle-2.0\libdrizzle\result.cc">
      <Filter>Source Files</Filter>
    </ClCompile>
    <ClCompile Include="..\libdrizzle-2.0\libdrizzle\row.cc">
      <Filter>Source Files</Filter>
    </ClCompile>
    <ClCompile Include="..\libdrizzle-2.0\libdrizzle\sha1.cc">
      <Filter>Source Files</Filter>
    </ClCompile>
    <ClCompile Include="..\libdrizzle-2.0\libdrizzle\state.cc">
      <Filter>Source Files</Filter>
    </ClCompile>
  </ItemGroup>
</Project>